// !$*UTF8*$!
{
	archiveVersion = 1;
	classes = {
	};
	objectVersion = 50;
	objects = {

/* Begin PBXBuildFile section */
		095CF5E62547B926003FBF8C /* AppDelegate.swift in Sources */ = {isa = PBXBuildFile; fileRef = 095CF5E52547B926003FBF8C /* AppDelegate.swift */; };
		095CF5E82547B926003FBF8C /* SceneDelegate.swift in Sources */ = {isa = PBXBuildFile; fileRef = 095CF5E72547B926003FBF8C /* SceneDelegate.swift */; };
		095CF5EA2547B926003FBF8C /* ViewController.swift in Sources */ = {isa = PBXBuildFile; fileRef = 095CF5E92547B926003FBF8C /* ViewController.swift */; };
		095CF5ED2547B926003FBF8C /* Main.storyboard in Resources */ = {isa = PBXBuildFile; fileRef = 095CF5EB2547B926003FBF8C /* Main.storyboard */; };
		095CF5EF2547B927003FBF8C /* Assets.xcassets in Resources */ = {isa = PBXBuildFile; fileRef = 095CF5EE2547B927003FBF8C /* Assets.xcassets */; };
		095CF5F22547B927003FBF8C /* LaunchScreen.storyboard in Resources */ = {isa = PBXBuildFile; fileRef = 095CF5F02547B927003FBF8C /* LaunchScreen.storyboard */; };
		095CF5FD2547B927003FBF8C /* MAD2_Practical2Tests.swift in Sources */ = {isa = PBXBuildFile; fileRef = 095CF5FC2547B927003FBF8C /* MAD2_Practical2Tests.swift */; };
		095CF6082547B927003FBF8C /* MAD2_Practical2UITests.swift in Sources */ = {isa = PBXBuildFile; fileRef = 095CF6072547B927003FBF8C /* MAD2_Practical2UITests.swift */; };
		095CF6192547BA42003FBF8C /* Friend.swift in Sources */ = {isa = PBXBuildFile; fileRef = 095CF6182547BA42003FBF8C /* Friend.swift */; };
/* End PBXBuildFile section */

/* Begin PBXContainerItemProxy section */
		095CF5F92547B927003FBF8C /* PBXContainerItemProxy */ = {
			isa = PBXContainerItemProxy;
			containerPortal = 095CF5DA2547B926003FBF8C /* Project object */;
			proxyType = 1;
			remoteGlobalIDString = 095CF5E12547B926003FBF8C;
			remoteInfo = MAD2_Practical2;
		};
		095CF6042547B927003FBF8C /* PBXContainerItemProxy */ = {
			isa = PBXContainerItemProxy;
			containerPortal = 095CF5DA2547B926003FBF8C /* Project object */;
			proxyType = 1;
			remoteGlobalIDString = 095CF5E12547B926003FBF8C;
			remoteInfo = MAD2_Practical2;
		};
/* End PBXContainerItemProxy section */

/* Begin PBXFileReference section */
		095CF5E22547B926003FBF8C /* MAD2_Practical2.app */ = {isa = PBXFileReference; explicitFileType = wrapper.application; includeInIndex = 0; path = MAD2_Practical2.app; sourceTree = BUILT_PRODUCTS_DIR; };
		095CF5E52547B926003FBF8C /* AppDelegate.swift */ = {isa = PBXFileReference; lastKnownFileType = sourcecode.swift; path = AppDelegate.swift; sourceTree = "<group>"; };
		095CF5E72547B926003FBF8C /* SceneDelegate.swift */ = {isa = PBXFileReference; lastKnownFileType = sourcecode.swift; path = SceneDelegate.swift; sourceTree = "<group>"; };
		095CF5E92547B926003FBF8C /* ViewController.swift */ = {isa = PBXFileReference; lastKnownFileType = sourcecode.swift; path = ViewController.swift; sourceTree = "<group>"; };
		095CF5EC2547B926003FBF8C /* Base */ = {isa = PBXFileReference; lastKnownFileType = file.storyboard; name = Base; path = Base.lproj/Main.storyboard; sourceTree = "<group>"; };
		095CF5EE2547B927003FBF8C /* Assets.xcassets */ = {isa = PBXFileReference; lastKnownFileType = folder.assetcatalog; path = Assets.xcassets; sourceTree = "<group>"; };
		095CF5F12547B927003FBF8C /* Base */ = {isa = PBXFileReference; lastKnownFileType = file.storyboard; name = Base; path = Base.lproj/LaunchScreen.storyboard; sourceTree = "<group>"; };
		095CF5F32547B927003FBF8C /* Info.plist */ = {isa = PBXFileReference; lastKnownFileType = text.plist.xml; path = Info.plist; sourceTree = "<group>"; };
		095CF5F82547B927003FBF8C /* MAD2_Practical2Tests.xctest */ = {isa = PBXFileReference; explicitFileType = wrapper.cfbundle; includeInIndex = 0; path = MAD2_Practical2Tests.xctest; sourceTree = BUILT_PRODUCTS_DIR; };
		095CF5FC2547B927003FBF8C /* MAD2_Practical2Tests.swift */ = {isa = PBXFileReference; lastKnownFileType = sourcecode.swift; path = MAD2_Practical2Tests.swift; sourceTree = "<group>"; };
		095CF5FE2547B927003FBF8C /* Info.plist */ = {isa = PBXFileReference; lastKnownFileType = text.plist.xml; path = Info.plist; sourceTree = "<group>"; };
		095CF6032547B927003FBF8C /* MAD2_Practical2UITests.xctest */ = {isa = PBXFileReference; explicitFileType = wrapper.cfbundle; includeInIndex = 0; path = MAD2_Practical2UITests.xctest; sourceTree = BUILT_PRODUCTS_DIR; };
		095CF6072547B927003FBF8C /* MAD2_Practical2UITests.swift */ = {isa = PBXFileReference; lastKnownFileType = sourcecode.swift; path = MAD2_Practical2UITests.swift; sourceTree = "<group>"; };
		095CF6092547B927003FBF8C /* Info.plist */ = {isa = PBXFileReference; lastKnownFileType = text.plist.xml; path = Info.plist; sourceTree = "<group>"; };
		095CF6182547BA42003FBF8C /* Friend.swift */ = {isa = PBXFileReference; lastKnownFileType = sourcecode.swift; path = Friend.swift; sourceTree = "<group>"; };
/* End PBXFileReference section */

/* Begin PBXFrameworksBuildPhase section */
		095CF5DF2547B926003FBF8C /* Frameworks */ = {
			isa = PBXFrameworksBuildPhase;
			buildActionMask = 2147483647;
			files = (
			);
			runOnlyForDeploymentPostprocessing = 0;
		};
		095CF5F52547B927003FBF8C /* Frameworks */ = {
			isa = PBXFrameworksBuildPhase;
			buildActionMask = 2147483647;
			files = (
			);
			runOnlyForDeploymentPostprocessing = 0;
		};
		095CF6002547B927003FBF8C /* Frameworks */ = {
			isa = PBXFrameworksBuildPhase;
			buildActionMask = 2147483647;
			files = (
			);
			runOnlyForDeploymentPostprocessing = 0;
		};
/* End PBXFrameworksBuildPhase section */

/* Begin PBXGroup section */
		095CF5D92547B926003FBF8C = {
			isa = PBXGroup;
			children = (
				095CF5E42547B926003FBF8C /* MAD2_Practical2 */,
				095CF5FB2547B927003FBF8C /* MAD2_Practical2Tests */,
				095CF6062547B927003FBF8C /* MAD2_Practical2UITests */,
				095CF5E32547B926003FBF8C /* Products */,
			);
			sourceTree = "<group>";
		};
		095CF5E32547B926003FBF8C /* Products */ = {
			isa = PBXGroup;
			children = (
				095CF5E22547B926003FBF8C /* MAD2_Practical2.app */,
				095CF5F82547B927003FBF8C /* MAD2_Practical2Tests.xctest */,
				095CF6032547B927003FBF8C /* MAD2_Practical2UITests.xctest */,
			);
			name = Products;
			sourceTree = "<group>";
		};
		095CF5E42547B926003FBF8C /* MAD2_Practical2 */ = {
			isa = PBXGroup;
			children = (
				095CF5E52547B926003FBF8C /* AppDelegate.swift */,
				095CF5E72547B926003FBF8C /* SceneDelegate.swift */,
				095CF5E92547B926003FBF8C /* ViewController.swift */,
				095CF5EB2547B926003FBF8C /* Main.storyboard */,
				095CF5EE2547B927003FBF8C /* Assets.xcassets */,
				095CF5F02547B927003FBF8C /* LaunchScreen.storyboard */,
				095CF5F32547B927003FBF8C /* Info.plist */,
				095CF6182547BA42003FBF8C /* Friend.swift */,
			);
			path = MAD2_Practical2;
			sourceTree = "<group>";
		};
		095CF5FB2547B927003FBF8C /* MAD2_Practical2Tests */ = {
			isa = PBXGroup;
			children = (
				095CF5FC2547B927003FBF8C /* MAD2_Practical2Tests.swift */,
				095CF5FE2547B927003FBF8C /* Info.plist */,
			);
			path = MAD2_Practical2Tests;
			sourceTree = "<group>";
		};
		095CF6062547B927003FBF8C /* MAD2_Practical2UITests */ = {
			isa = PBXGroup;
			children = (
				095CF6072547B927003FBF8C /* MAD2_Practical2UITests.swift */,
				095CF6092547B927003FBF8C /* Info.plist */,
			);
			path = MAD2_Practical2UITests;
			sourceTree = "<group>";
		};
/* End PBXGroup section */

/* Begin PBXNativeTarget section */
		095CF5E12547B926003FBF8C /* MAD2_Practical2 */ = {
			isa = PBXNativeTarget;
			buildConfigurationList = 095CF60C2547B927003FBF8C /* Build configuration list for PBXNativeTarget "MAD2_Practical2" */;
			buildPhases = (
				095CF5DE2547B926003FBF8C /* Sources */,
				095CF5DF2547B926003FBF8C /* Frameworks */,
				095CF5E02547B926003FBF8C /* Resources */,
			);
			buildRules = (
			);
			dependencies = (
			);
			name = MAD2_Practical2;
			productName = MAD2_Practical2;
			productReference = 095CF5E22547B926003FBF8C /* MAD2_Practical2.app */;
			productType = "com.apple.product-type.application";
		};
		095CF5F72547B927003FBF8C /* MAD2_Practical2Tests */ = {
			isa = PBXNativeTarget;
			buildConfigurationList = 095CF60F2547B927003FBF8C /* Build configuration list for PBXNativeTarget "MAD2_Practical2Tests" */;
			buildPhases = (
				095CF5F42547B927003FBF8C /* Sources */,
				095CF5F52547B927003FBF8C /* Frameworks */,
				095CF5F62547B927003FBF8C /* Resources */,
			);
			buildRules = (
			);
			dependencies = (
				095CF5FA2547B927003FBF8C /* PBXTargetDependency */,
			);
			name = MAD2_Practical2Tests;
			productName = MAD2_Practical2Tests;
			productReference = 095CF5F82547B927003FBF8C /* MAD2_Practical2Tests.xctest */;
			productType = "com.apple.product-type.bundle.unit-test";
		};
		095CF6022547B927003FBF8C /* MAD2_Practical2UITests */ = {
			isa = PBXNativeTarget;
			buildConfigurationList = 095CF6122547B927003FBF8C /* Build configuration list for PBXNativeTarget "MAD2_Practical2UITests" */;
			buildPhases = (
				095CF5FF2547B927003FBF8C /* Sources */,
				095CF6002547B927003FBF8C /* Frameworks */,
				095CF6012547B927003FBF8C /* Resources */,
			);
			buildRules = (
			);
			dependencies = (
				095CF6052547B927003FBF8C /* PBXTargetDependency */,
			);
			name = MAD2_Practical2UITests;
			productName = MAD2_Practical2UITests;
			productReference = 095CF6032547B927003FBF8C /* MAD2_Practical2UITests.xctest */;
			productType = "com.apple.product-type.bundle.ui-testing";
		};
/* End PBXNativeTarget section */

/* Begin PBXProject section */
		095CF5DA2547B926003FBF8C /* Project object */ = {
			isa = PBXProject;
			attributes = {
				LastSwiftUpdateCheck = 1210;
				LastUpgradeCheck = 1210;
				TargetAttributes = {
					095CF5E12547B926003FBF8C = {
						CreatedOnToolsVersion = 12.1;
					};
					095CF5F72547B927003FBF8C = {
						CreatedOnToolsVersion = 12.1;
						TestTargetID = 095CF5E12547B926003FBF8C;
					};
					095CF6022547B927003FBF8C = {
						CreatedOnToolsVersion = 12.1;
						TestTargetID = 095CF5E12547B926003FBF8C;
					};
				};
			};
			buildConfigurationList = 095CF5DD2547B926003FBF8C /* Build configuration list for PBXProject "MAD2_Practical2" */;
			compatibilityVersion = "Xcode 9.3";
			developmentRegion = en;
			hasScannedForEncodings = 0;
			knownRegions = (
				en,
				Base,
			);
			mainGroup = 095CF5D92547B926003FBF8C;
			productRefGroup = 095CF5E32547B926003FBF8C /* Products */;
			projectDirPath = "";
			projectRoot = "";
			targets = (
				095CF5E12547B926003FBF8C /* MAD2_Practical2 */,
				095CF5F72547B927003FBF8C /* MAD2_Practical2Tests */,
				095CF6022547B927003FBF8C /* MAD2_Practical2UITests */,
			);
		};
/* End PBXProject section */

/* Begin PBXResourcesBuildPhase section */
		095CF5E02547B926003FBF8C /* Resources */ = {
			isa = PBXResourcesBuildPhase;
			buildActionMask = 2147483647;
			files = (
				095CF5F22547B927003FBF8C /* LaunchScreen.storyboard in Resources */,
				095CF5EF2547B927003FBF8C /* Assets.xcassets in Resources */,
				095CF5ED2547B926003FBF8C /* Main.storyboard in Resources */,
			);
			runOnlyForDeploymentPostprocessing = 0;
		};
		095CF5F62547B927003FBF8C /* Resources */ = {
			isa = PBXResourcesBuildPhase;
			buildActionMask = 2147483647;
			files = (
			);
			runOnlyForDeploymentPostprocessing = 0;
		};
		095CF6012547B927003FBF8C /* Resources */ = {
			isa = PBXResourcesBuildPhase;
			buildActionMask = 2147483647;
			files = (
			);
			runOnlyForDeploymentPostprocessing = 0;
		};
/* End PBXResourcesBuildPhase section */

/* Begin PBXSourcesBuildPhase section */
		095CF5DE2547B926003FBF8C /* Sources */ = {
			isa = PBXSourcesBuildPhase;
			buildActionMask = 2147483647;
			files = (
				095CF5EA2547B926003FBF8C /* ViewController.swift in Sources */,
				095CF5E62547B926003FBF8C /* AppDelegate.swift in Sources */,
				095CF5E82547B926003FBF8C /* SceneDelegate.swift in Sources */,
				095CF6192547BA42003FBF8C /* Friend.swift in Sources */,
			);
			runOnlyForDeploymentPostprocessing = 0;
		};
		095CF5F42547B927003FBF8C /* Sources */ = {
			isa = PBXSourcesBuildPhase;
			buildActionMask = 2147483647;
			files = (
				095CF5FD2547B927003FBF8C /* MAD2_Practical2Tests.swift in Sources */,
			);
			runOnlyForDeploymentPostprocessing = 0;
		};
		095CF5FF2547B927003FBF8C /* Sources */ = {
			isa = PBXSourcesBuildPhase;
			buildActionMask = 2147483647;
			files = (
				095CF6082547B927003FBF8C /* MAD2_Practical2UITests.swift in Sources */,
			);
			runOnlyForDeploymentPostprocessing = 0;
		};
/* End PBXSourcesBuildPhase section */

/* Begin PBXTargetDependency section */
		095CF5FA2547B927003FBF8C /* PBXTargetDependency */ = {
			isa = PBXTargetDependency;
			target = 095CF5E12547B926003FBF8C /* MAD2_Practical2 */;
			targetProxy = 095CF5F92547B927003FBF8C /* PBXContainerItemProxy */;
		};
		095CF6052547B927003FBF8C /* PBXTargetDependency */ = {
			isa = PBXTargetDependency;
			target = 095CF5E12547B926003FBF8C /* MAD2_Practical2 */;
			targetProxy = 095CF6042547B927003FBF8C /* PBXContainerItemProxy */;
		};
/* End PBXTargetDependency section */

/* Begin PBXVariantGroup section */
		095CF5EB2547B926003FBF8C /* Main.storyboard */ = {
			isa = PBXVariantGroup;
			children = (
				095CF5EC2547B926003FBF8C /* Base */,
			);
			name = Main.storyboard;
			sourceTree = "<group>";
		};
		095CF5F02547B927003FBF8C /* LaunchScreen.storyboard */ = {
			isa = PBXVariantGroup;
			children = (
				095CF5F12547B927003FBF8C /* Base */,
			);
			name = LaunchScreen.storyboard;
			sourceTree = "<group>";
		};
/* End PBXVariantGroup section */

/* Begin XCBuildConfiguration section */
		095CF60A2547B927003FBF8C /* Debug */ = {
			isa = XCBuildConfiguration;
			buildSettings = {
				ALWAYS_SEARCH_USER_PATHS = NO;
				CLANG_ANALYZER_NONNULL = YES;
				CLANG_ANALYZER_NUMBER_OBJECT_CONVERSION = YES_AGGRESSIVE;
				CLANG_CXX_LANGUAGE_STANDARD = "gnu++14";
				CLANG_CXX_LIBRARY = "libc++";
				CLANG_ENABLE_MODULES = YES;
				CLANG_ENABLE_OBJC_ARC = YES;
				CLANG_ENABLE_OBJC_WEAK = YES;
				CLANG_WARN_BLOCK_CAPTURE_AUTORELEASING = YES;
				CLANG_WARN_BOOL_CONVERSION = YES;
				CLANG_WARN_COMMA = YES;
				CLANG_WARN_CONSTANT_CONVERSION = YES;
				CLANG_WARN_DEPRECATED_OBJC_IMPLEMENTATIONS = YES;
				CLANG_WARN_DIRECT_OBJC_ISA_USAGE = YES_ERROR;
				CLANG_WARN_DOCUMENTATION_COMMENTS = YES;
				CLANG_WARN_EMPTY_BODY = YES;
				CLANG_WARN_ENUM_CONVERSION = YES;
				CLANG_WARN_INFINITE_RECURSION = YES;
				CLANG_WARN_INT_CONVERSION = YES;
				CLANG_WARN_NON_LITERAL_NULL_CONVERSION = YES;
				CLANG_WARN_OBJC_IMPLICIT_RETAIN_SELF = YES;
				CLANG_WARN_OBJC_LITERAL_CONVERSION = YES;
				CLANG_WARN_OBJC_ROOT_CLASS = YES_ERROR;
				CLANG_WARN_QUOTED_INCLUDE_IN_FRAMEWORK_HEADER = YES;
				CLANG_WARN_RANGE_LOOP_ANALYSIS = YES;
				CLANG_WARN_STRICT_PROTOTYPES = YES;
				CLANG_WARN_SUSPICIOUS_MOVE = YES;
				CLANG_WARN_UNGUARDED_AVAILABILITY = YES_AGGRESSIVE;
				CLANG_WARN_UNREACHABLE_CODE = YES;
				CLANG_WARN__DUPLICATE_METHOD_MATCH = YES;
				COPY_PHASE_STRIP = NO;
				DEBUG_INFORMATION_FORMAT = dwarf;
				ENABLE_STRICT_OBJC_MSGSEND = YES;
				ENABLE_TESTABILITY = YES;
				GCC_C_LANGUAGE_STANDARD = gnu11;
				GCC_DYNAMIC_NO_PIC = NO;
				GCC_NO_COMMON_BLOCKS = YES;
				GCC_OPTIMIZATION_LEVEL = 0;
				GCC_PREPROCESSOR_DEFINITIONS = (
					"DEBUG=1",
					"$(inherited)",
				);
				GCC_WARN_64_TO_32_BIT_CONVERSION = YES;
				GCC_WARN_ABOUT_RETURN_TYPE = YES_ERROR;
				GCC_WARN_UNDECLARED_SELECTOR = YES;
				GCC_WARN_UNINITIALIZED_AUTOS = YES_AGGRESSIVE;
				GCC_WARN_UNUSED_FUNCTION = YES;
				GCC_WARN_UNUSED_VARIABLE = YES;
				IPHONEOS_DEPLOYMENT_TARGET = 14.1;
				MTL_ENABLE_DEBUG_INFO = INCLUDE_SOURCE;
				MTL_FAST_MATH = YES;
				ONLY_ACTIVE_ARCH = YES;
				SDKROOT = iphoneos;
				SWIFT_ACTIVE_COMPILATION_CONDITIONS = DEBUG;
				SWIFT_OPTIMIZATION_LEVEL = "-Onone";
			};
			name = Debug;
		};
		095CF60B2547B927003FBF8C /* Release */ = {
			isa = XCBuildConfiguration;
			buildSettings = {
				ALWAYS_SEARCH_USER_PATHS = NO;
				CLANG_ANALYZER_NONNULL = YES;
				CLANG_ANALYZER_NUMBER_OBJECT_CONVERSION = YES_AGGRESSIVE;
				CLANG_CXX_LANGUAGE_STANDARD = "gnu++14";
				CLANG_CXX_LIBRARY = "libc++";
				CLANG_ENABLE_MODULES = YES;
				CLANG_ENABLE_OBJC_ARC = YES;
				CLANG_ENABLE_OBJC_WEAK = YES;
				CLANG_WARN_BLOCK_CAPTURE_AUTORELEASING = YES;
				CLANG_WARN_BOOL_CONVERSION = YES;
				CLANG_WARN_COMMA = YES;
				CLANG_WARN_CONSTANT_CONVERSION = YES;
				CLANG_WARN_DEPRECATED_OBJC_IMPLEMENTATIONS = YES;
				CLANG_WARN_DIRECT_OBJC_ISA_USAGE = YES_ERROR;
				CLANG_WARN_DOCUMENTATION_COMMENTS = YES;
				CLANG_WARN_EMPTY_BODY = YES;
				CLANG_WARN_ENUM_CONVERSION = YES;
				CLANG_WARN_INFINITE_RECURSION = YES;
				CLANG_WARN_INT_CONVERSION = YES;
				CLANG_WARN_NON_LITERAL_NULL_CONVERSION = YES;
				CLANG_WARN_OBJC_IMPLICIT_RETAIN_SELF = YES;
				CLANG_WARN_OBJC_LITERAL_CONVERSION = YES;
				CLANG_WARN_OBJC_ROOT_CLASS = YES_ERROR;
				CLANG_WARN_QUOTED_INCLUDE_IN_FRAMEWORK_HEADER = YES;
				CLANG_WARN_RANGE_LOOP_ANALYSIS = YES;
				CLANG_WARN_STRICT_PROTOTYPES = YES;
				CLANG_WARN_SUSPICIOUS_MOVE = YES;
				CLANG_WARN_UNGUARDED_AVAILABILITY = YES_AGGRESSIVE;
				CLANG_WARN_UNREACHABLE_CODE = YES;
				CLANG_WARN__DUPLICATE_METHOD_MATCH = YES;
				COPY_PHASE_STRIP = NO;
				DEBUG_INFORMATION_FORMAT = "dwarf-with-dsym";
				ENABLE_NS_ASSERTIONS = NO;
				ENABLE_STRICT_OBJC_MSGSEND = YES;
				GCC_C_LANGUAGE_STANDARD = gnu11;
				GCC_NO_COMMON_BLOCKS = YES;
				GCC_WARN_64_TO_32_BIT_CONVERSION = YES;
				GCC_WARN_ABOUT_RETURN_TYPE = YES_ERROR;
				GCC_WARN_UNDECLARED_SELECTOR = YES;
				GCC_WARN_UNINITIALIZED_AUTOS = YES_AGGRESSIVE;
				GCC_WARN_UNUSED_FUNCTION = YES;
				GCC_WARN_UNUSED_VARIABLE = YES;
				IPHONEOS_DEPLOYMENT_TARGET = 14.1;
				MTL_ENABLE_DEBUG_INFO = NO;
				MTL_FAST_MATH = YES;
				SDKROOT = iphoneos;
				SWIFT_COMPILATION_MODE = wholemodule;
				SWIFT_OPTIMIZATION_LEVEL = "-O";
				VALIDATE_PRODUCT = YES;
			};
			name = Release;
		};
		095CF60D2547B927003FBF8C /* Debug */ = {
			isa = XCBuildConfiguration;
			buildSettings = {
				ASSETCATALOG_COMPILER_APPICON_NAME = AppIcon;
				ASSETCATALOG_COMPILER_GLOBAL_ACCENT_COLOR_NAME = AccentColor;
				CODE_SIGN_STYLE = Automatic;
				INFOPLIST_FILE = MAD2_Practical2/Info.plist;
				LD_RUNPATH_SEARCH_PATHS = (
					"$(inherited)",
					"@executable_path/Frameworks",
				);
				PRODUCT_BUNDLE_IDENTIFIER = "com.WC.MAD2-Practical2";
				PRODUCT_NAME = "$(TARGET_NAME)";
				SWIFT_VERSION = 5.0;
				TARGETED_DEVICE_FAMILY = "1,2";
			};
			name = Debug;
		};
		095CF60E2547B927003FBF8C /* Release */ = {
			isa = XCBuildConfiguration;
			buildSettings = {
				ASSETCATALOG_COMPILER_APPICON_NAME = AppIcon;
				ASSETCATALOG_COMPILER_GLOBAL_ACCENT_COLOR_NAME = AccentColor;
				CODE_SIGN_STYLE = Automatic;
				INFOPLIST_FILE = MAD2_Practical2/Info.plist;
				LD_RUNPATH_SEARCH_PATHS = (
					"$(inherited)",
					"@executable_path/Frameworks",
				);
				PRODUCT_BUNDLE_IDENTIFIER = "com.WC.MAD2-Practical2";
				PRODUCT_NAME = "$(TARGET_NAME)";
				SWIFT_VERSION = 5.0;
				TARGETED_DEVICE_FAMILY = "1,2";
			};
			name = Release;
		};
		095CF6102547B927003FBF8C /* Debug */ = {
			isa = XCBuildConfiguration;
			buildSettings = {
				ALWAYS_EMBED_SWIFT_STANDARD_LIBRARIES = YES;
				BUNDLE_LOADER = "$(TEST_HOST)";
				CODE_SIGN_STYLE = Automatic;
				INFOPLIST_FILE = MAD2_Practical2Tests/Info.plist;
				IPHONEOS_DEPLOYMENT_TARGET = 14.1;
				LD_RUNPATH_SEARCH_PATHS = (
					"$(inherited)",
					"@executable_path/Frameworks",
					"@loader_path/Frameworks",
				);
				PRODUCT_BUNDLE_IDENTIFIER = "com.WC.MAD2-Practical2Tests";
				PRODUCT_NAME = "$(TARGET_NAME)";
				SWIFT_VERSION = 5.0;
				TARGETED_DEVICE_FAMILY = "1,2";
				TEST_HOST = "$(BUILT_PRODUCTS_DIR)/MAD2_Practical2.app/MAD2_Practical2";
			};
			name = Debug;
		};
		095CF6112547B927003FBF8C /* Release */ = {
			isa = XCBuildConfiguration;
			buildSettings = {
				ALWAYS_EMBED_SWIFT_STANDARD_LIBRARIES = YES;
				BUNDLE_LOADER = "$(TEST_HOST)";
				CODE_SIGN_STYLE = Automatic;
				INFOPLIST_FILE = MAD2_Practical2Tests/Info.plist;
				IPHONEOS_DEPLOYMENT_TARGET = 14.1;
				LD_RUNPATH_SEARCH_PATHS = (
					"$(inherited)",
					"@executable_path/Frameworks",
					"@loader_path/Frameworks",
				);
				PRODUCT_BUNDLE_IDENTIFIER = "com.WC.MAD2-Practical2Tests";
				PRODUCT_NAME = "$(TARGET_NAME)";
				SWIFT_VERSION = 5.0;
				TARGETED_DEVICE_FAMILY = "1,2";
				TEST_HOST = "$(BUILT_PRODUCTS_DIR)/MAD2_Practical2.app/MAD2_Practical2";
			};
			name = Release;
		};
		095CF6132547B927003FBF8C /* Debug */ = {
			isa = XCBuildConfiguration;
			buildSettings = {
				ALWAYS_EMBED_SWIFT_STANDARD_LIBRARIES = YES;
				CODE_SIGN_STYLE = Automatic;
				INFOPLIST_FILE = MAD2_Practical2UITests/Info.plist;
				LD_RUNPATH_SEARCH_PATHS = (
					"$(inherited)",
					"@executable_path/Frameworks",
					"@loader_path/Frameworks",
				);
				PRODUCT_BUNDLE_IDENTIFIER = "com.WC.MAD2-Practical2UITests";
				PRODUCT_NAME = "$(TARGET_NAME)";
				SWIFT_VERSION = 5.0;
				TARGETED_DEVICE_FAMILY = "1,2";
				TEST_TARGET_NAME = MAD2_Practical2;
			};
			name = Debug;
		};
		095CF6142547B927003FBF8C /* Release */ = {
			isa = XCBuildConfiguration;
			buildSettings = {
				ALWAYS_EMBED_SWIFT_STANDARD_LIBRARIES = YES;
				CODE_SIGN_STYLE = Automatic;
				INFOPLIST_FILE = MAD2_Practical2UITests/Info.plist;
				LD_RUNPATH_SEARCH_PATHS = (
					"$(inherited)",
					"@executable_path/Frameworks",
					"@loader_path/Frameworks",
				);
				PRODUCT_BUNDLE_IDENTIFIER = "com.WC.MAD2-Practical2UITests";
				PRODUCT_NAME = "$(TARGET_NAME)";
				SWIFT_VERSION = 5.0;
				TARGETED_DEVICE_FAMILY = "1,2";
				TEST_TARGET_NAME = MAD2_Practical2;
			};
			name = Release;
		};
/* End XCBuildConfiguration section */

/* Begin XCConfigurationList section */
		095CF5DD2547B926003FBF8C /* Build configuration list for PBXProject "MAD2_Practical2" */ = {
			isa = XCConfigurationList;
			buildConfigurations = (
				095CF60A2547B927003FBF8C /* Debug */,
				095CF60B2547B927003FBF8C /* Release */,
			);
			defaultConfigurationIsVisible = 0;
			defaultConfigurationName = Release;
		};
		095CF60C2547B927003FBF8C /* Build configuration list for PBXNativeTarget "MAD2_Practical2" */ = {
			isa = XCConfigurationList;
			buildConfigurations = (
				095CF60D2547B927003FBF8C /* Debug */,
				095CF60E2547B927003FBF8C /* Release */,
			);
			defaultConfigurationIsVisible = 0;
			defaultConfigurationName = Release;
		};
		095CF60F2547B927003FBF8C /* Build configuration list for PBXNativeTarget "MAD2_Practical2Tests" */ = {
			isa = XCConfigurationList;
			buildConfigurations = (
				095CF6102547B927003FBF8C /* Debug */,
				095CF6112547B927003FBF8C /* Release */,
			);
			defaultConfigurationIsVisible = 0;
			defaultConfigurationName = Release;
		};
		095CF6122547B927003FBF8C /* Build configuration list for PBXNativeTarget "MAD2_Practical2UITests" */ = {
			isa = XCConfigurationList;
			buildConfigurations = (
				095CF6132547B927003FBF8C /* Debug */,
				095CF6142547B927003FBF8C /* Release */,
			);
			defaultConfigurationIsVisible = 0;
			defaultConfigurationName = Release;
		};
/* End XCConfigurationList section */
	};
	rootObject = 095CF5DA2547B926003FBF8C /* Project object */;
}
